// !$*UTF8*$!
{
	archiveVersion = 1;
	classes = {
	};
	objectVersion = 48;
	objects = {

/* Begin PBXBuildFile section */
		9F0500E1200C464300B54616 /* AppDelegate.m in Sources */ = {isa = PBXBuildFile; fileRef = 9F0500E0200C464300B54616 /* AppDelegate.m */; };
		9F0500E4200C464300B54616 /* ViewController.m in Sources */ = {isa = PBXBuildFile; fileRef = 9F0500E3200C464300B54616 /* ViewController.m */; };
		9F0500E7200C464300B54616 /* Main.storyboard in Resources */ = {isa = PBXBuildFile; fileRef = 9F0500E5200C464300B54616 /* Main.storyboard */; };
		9F0500E9200C464300B54616 /* Assets.xcassets in Resources */ = {isa = PBXBuildFile; fileRef = 9F0500E8200C464300B54616 /* Assets.xcassets */; };
		9F0500EC200C464300B54616 /* LaunchScreen.storyboard in Resources */ = {isa = PBXBuildFile; fileRef = 9F0500EA200C464300B54616 /* LaunchScreen.storyboard */; };
		9F0500EF200C464300B54616 /* main.m in Sources */ = {isa = PBXBuildFile; fileRef = 9F0500EE200C464300B54616 /* main.m */; };
		9F0500F9200C464300B54616 /* iCloudDemoTests.m in Sources */ = {isa = PBXBuildFile; fileRef = 9F0500F8200C464300B54616 /* iCloudDemoTests.m */; };
		9F050104200C464300B54616 /* iCloudDemoUITests.m in Sources */ = {isa = PBXBuildFile; fileRef = 9F050103200C464300B54616 /* iCloudDemoUITests.m */; };
/* End PBXBuildFile section */

/* Begin PBXContainerItemProxy section */
		9F0500F5200C464300B54616 /* PBXContainerItemProxy */ = {
			isa = PBXContainerItemProxy;
			containerPortal = 9F0500D4200C464300B54616 /* Project object */;
			proxyType = 1;
			remoteGlobalIDString = 9F0500DB200C464300B54616;
			remoteInfo = iCloudDemo;
		};
		9F050100200C464300B54616 /* PBXContainerItemProxy */ = {
			isa = PBXContainerItemProxy;
			containerPortal = 9F0500D4200C464300B54616 /* Project object */;
			proxyType = 1;
			remoteGlobalIDString = 9F0500DB200C464300B54616;
			remoteInfo = iCloudDemo;
		};
/* End PBXContainerItemProxy section */

/* Begin PBXFileReference section */
		9F0500DC200C464300B54616 /* iCloudDemo.app */ = {isa = PBXFileReference; explicitFileType = wrapper.application; includeInIndex = 0; path = iCloudDemo.app; sourceTree = BUILT_PRODUCTS_DIR; };
		9F0500DF200C464300B54616 /* AppDelegate.h */ = {isa = PBXFileReference; lastKnownFileType = sourcecode.c.h; path = AppDelegate.h; sourceTree = "<group>"; };
		9F0500E0200C464300B54616 /* AppDelegate.m */ = {isa = PBXFileReference; lastKnownFileType = sourcecode.c.objc; path = AppDelegate.m; sourceTree = "<group>"; };
		9F0500E2200C464300B54616 /* ViewController.h */ = {isa = PBXFileReference; lastKnownFileType = sourcecode.c.h; path = ViewController.h; sourceTree = "<group>"; };
		9F0500E3200C464300B54616 /* ViewController.m */ = {isa = PBXFileReference; lastKnownFileType = sourcecode.c.objc; path = ViewController.m; sourceTree = "<group>"; };
		9F0500E6200C464300B54616 /* Base */ = {isa = PBXFileReference; lastKnownFileType = file.storyboard; name = Base; path = Base.lproj/Main.storyboard; sourceTree = "<group>"; };
		9F0500E8200C464300B54616 /* Assets.xcassets */ = {isa = PBXFileReference; lastKnownFileType = folder.assetcatalog; path = Assets.xcassets; sourceTree = "<group>"; };
		9F0500EB200C464300B54616 /* Base */ = {isa = PBXFileReference; lastKnownFileType = file.storyboard; name = Base; path = Base.lproj/LaunchScreen.storyboard; sourceTree = "<group>"; };
		9F0500ED200C464300B54616 /* Info.plist */ = {isa = PBXFileReference; lastKnownFileType = text.plist.xml; path = Info.plist; sourceTree = "<group>"; };
		9F0500EE200C464300B54616 /* main.m */ = {isa = PBXFileReference; lastKnownFileType = sourcecode.c.objc; path = main.m; sourceTree = "<group>"; };
		9F0500F4200C464300B54616 /* iCloudDemoTests.xctest */ = {isa = PBXFileReference; explicitFileType = wrapper.cfbundle; includeInIndex = 0; path = iCloudDemoTests.xctest; sourceTree = BUILT_PRODUCTS_DIR; };
		9F0500F8200C464300B54616 /* iCloudDemoTests.m */ = {isa = PBXFileReference; lastKnownFileType = sourcecode.c.objc; path = iCloudDemoTests.m; sourceTree = "<group>"; };
		9F0500FA200C464300B54616 /* Info.plist */ = {isa = PBXFileReference; lastKnownFileType = text.plist.xml; path = Info.plist; sourceTree = "<group>"; };
		9F0500FF200C464300B54616 /* iCloudDemoUITests.xctest */ = {isa = PBXFileReference; explicitFileType = wrapper.cfbundle; includeInIndex = 0; path = iCloudDemoUITests.xctest; sourceTree = BUILT_PRODUCTS_DIR; };
		9F050103200C464300B54616 /* iCloudDemoUITests.m */ = {isa = PBXFileReference; lastKnownFileType = sourcecode.c.objc; path = iCloudDemoUITests.m; sourceTree = "<group>"; };
		9F050105200C464300B54616 /* Info.plist */ = {isa = PBXFileReference; lastKnownFileType = text.plist.xml; path = Info.plist; sourceTree = "<group>"; };
/* End PBXFileReference section */

/* Begin PBXFrameworksBuildPhase section */
		9F0500D9200C464300B54616 /* Frameworks */ = {
			isa = PBXFrameworksBuildPhase;
			buildActionMask = 2147483647;
			files = (
			);
			runOnlyForDeploymentPostprocessing = 0;
		};
		9F0500F1200C464300B54616 /* Frameworks */ = {
			isa = PBXFrameworksBuildPhase;
			buildActionMask = 2147483647;
			files = (
			);
			runOnlyForDeploymentPostprocessing = 0;
		};
		9F0500FC200C464300B54616 /* Frameworks */ = {
			isa = PBXFrameworksBuildPhase;
			buildActionMask = 2147483647;
			files = (
			);
			runOnlyForDeploymentPostprocessing = 0;
		};
/* End PBXFrameworksBuildPhase section */

/* Begin PBXGroup section */
		9F0500D3200C464300B54616 = {
			isa = PBXGroup;
			children = (
				9F0500DE200C464300B54616 /* iCloudDemo */,
				9F0500F7200C464300B54616 /* iCloudDemoTests */,
				9F050102200C464300B54616 /* iCloudDemoUITests */,
				9F0500DD200C464300B54616 /* Products */,
			);
			sourceTree = "<group>";
		};
		9F0500DD200C464300B54616 /* Products */ = {
			isa = PBXGroup;
			children = (
				9F0500DC200C464300B54616 /* iCloudDemo.app */,
				9F0500F4200C464300B54616 /* iCloudDemoTests.xctest */,
				9F0500FF200C464300B54616 /* iCloudDemoUITests.xctest */,
			);
			name = Products;
			sourceTree = "<group>";
		};
		9F0500DE200C464300B54616 /* iCloudDemo */ = {
			isa = PBXGroup;
			children = (
				9F0500DF200C464300B54616 /* AppDelegate.h */,
				9F0500E0200C464300B54616 /* AppDelegate.m */,
				9F0500E2200C464300B54616 /* ViewController.h */,
				9F0500E3200C464300B54616 /* ViewController.m */,
				9F0500E5200C464300B54616 /* Main.storyboard */,
				9F0500E8200C464300B54616 /* Assets.xcassets */,
				9F0500EA200C464300B54616 /* LaunchScreen.storyboard */,
				9F0500ED200C464300B54616 /* Info.plist */,
				9F0500EE200C464300B54616 /* main.m */,
			);
			path = iCloudDemo;
			sourceTree = "<group>";
		};
		9F0500F7200C464300B54616 /* iCloudDemoTests */ = {
			isa = PBXGroup;
			children = (
				9F0500F8200C464300B54616 /* iCloudDemoTests.m */,
				9F0500FA200C464300B54616 /* Info.plist */,
			);
			path = iCloudDemoTests;
			sourceTree = "<group>";
		};
		9F050102200C464300B54616 /* iCloudDemoUITests */ = {
			isa = PBXGroup;
			children = (
				9F050103200C464300B54616 /* iCloudDemoUITests.m */,
				9F050105200C464300B54616 /* Info.plist */,
			);
			path = iCloudDemoUITests;
			sourceTree = "<group>";
		};
/* End PBXGroup section */

/* Begin PBXNativeTarget section */
		9F0500DB200C464300B54616 /* iCloudDemo */ = {
			isa = PBXNativeTarget;
			buildConfigurationList = 9F050108200C464300B54616 /* Build configuration list for PBXNativeTarget "iCloudDemo" */;
			buildPhases = (
				9F0500D8200C464300B54616 /* Sources */,
				9F0500D9200C464300B54616 /* Frameworks */,
				9F0500DA200C464300B54616 /* Resources */,
			);
			buildRules = (
			);
			dependencies = (
			);
			name = iCloudDemo;
			productName = iCloudDemo;
			productReference = 9F0500DC200C464300B54616 /* iCloudDemo.app */;
			productType = "com.apple.product-type.application";
		};
		9F0500F3200C464300B54616 /* iCloudDemoTests */ = {
			isa = PBXNativeTarget;
			buildConfigurationList = 9F05010B200C464300B54616 /* Build configuration list for PBXNativeTarget "iCloudDemoTests" */;
			buildPhases = (
				9F0500F0200C464300B54616 /* Sources */,
				9F0500F1200C464300B54616 /* Frameworks */,
				9F0500F2200C464300B54616 /* Resources */,
			);
			buildRules = (
			);
			dependencies = (
				9F0500F6200C464300B54616 /* PBXTargetDependency */,
			);
			name = iCloudDemoTests;
			productName = iCloudDemoTests;
			productReference = 9F0500F4200C464300B54616 /* iCloudDemoTests.xctest */;
			productType = "com.apple.product-type.bundle.unit-test";
		};
		9F0500FE200C464300B54616 /* iCloudDemoUITests */ = {
			isa = PBXNativeTarget;
			buildConfigurationList = 9F05010E200C464300B54616 /* Build configuration list for PBXNativeTarget "iCloudDemoUITests" */;
			buildPhases = (
				9F0500FB200C464300B54616 /* Sources */,
				9F0500FC200C464300B54616 /* Frameworks */,
				9F0500FD200C464300B54616 /* Resources */,
			);
			buildRules = (
			);
			dependencies = (
				9F050101200C464300B54616 /* PBXTargetDependency */,
			);
			name = iCloudDemoUITests;
			productName = iCloudDemoUITests;
			productReference = 9F0500FF200C464300B54616 /* iCloudDemoUITests.xctest */;
			productType = "com.apple.product-type.bundle.ui-testing";
		};
/* End PBXNativeTarget section */

/* Begin PBXProject section */
		9F0500D4200C464300B54616 /* Project object */ = {
			isa = PBXProject;
			attributes = {
				LastUpgradeCheck = 0920;
				ORGANIZATIONNAME = "张忠瑞";
				TargetAttributes = {
					9F0500DB200C464300B54616 = {
						CreatedOnToolsVersion = 9.2;
						ProvisioningStyle = Automatic;
					};
					9F0500F3200C464300B54616 = {
						CreatedOnToolsVersion = 9.2;
						ProvisioningStyle = Automatic;
						TestTargetID = 9F0500DB200C464300B54616;
					};
					9F0500FE200C464300B54616 = {
						CreatedOnToolsVersion = 9.2;
						ProvisioningStyle = Automatic;
						TestTargetID = 9F0500DB200C464300B54616;
					};
				};
			};
			buildConfigurationList = 9F0500D7200C464300B54616 /* Build configuration list for PBXProject "iCloudDemo" */;
			compatibilityVersion = "Xcode 8.0";
			developmentRegion = en;
			hasScannedForEncodings = 0;
			knownRegions = (
				en,
				Base,
			);
			mainGroup = 9F0500D3200C464300B54616;
			productRefGroup = 9F0500DD200C464300B54616 /* Products */;
			projectDirPath = "";
			projectRoot = "";
			targets = (
				9F0500DB200C464300B54616 /* iCloudDemo */,
				9F0500F3200C464300B54616 /* iCloudDemoTests */,
				9F0500FE200C464300B54616 /* iCloudDemoUITests */,
			);
		};
/* End PBXProject section */

/* Begin PBXResourcesBuildPhase section */
		9F0500DA200C464300B54616 /* Resources */ = {
			isa = PBXResourcesBuildPhase;
			buildActionMask = 2147483647;
			files = (
				9F0500EC200C464300B54616 /* LaunchScreen.storyboard in Resources */,
				9F0500E9200C464300B54616 /* Assets.xcassets in Resources */,
				9F0500E7200C464300B54616 /* Main.storyboard in Resources */,
			);
			runOnlyForDeploymentPostprocessing = 0;
		};
		9F0500F2200C464300B54616 /* Resources */ = {
			isa = PBXResourcesBuildPhase;
			buildActionMask = 2147483647;
			files = (
			);
			runOnlyForDeploymentPostprocessing = 0;
		};
		9F0500FD200C464300B54616 /* Resources */ = {
			isa = PBXResourcesBuildPhase;
			buildActionMask = 2147483647;
			files = (
			);
			runOnlyForDeploymentPostprocessing = 0;
		};
/* End PBXResourcesBuildPhase section */

/* Begin PBXSourcesBuildPhase section */
		9F0500D8200C464300B54616 /* Sources */ = {
			isa = PBXSourcesBuildPhase;
			buildActionMask = 2147483647;
			files = (
				9F0500E4200C464300B54616 /* ViewController.m in Sources */,
				9F0500EF200C464300B54616 /* main.m in Sources */,
				9F0500E1200C464300B54616 /* AppDelegate.m in Sources */,
			);
			runOnlyForDeploymentPostprocessing = 0;
		};
		9F0500F0200C464300B54616 /* Sources */ = {
			isa = PBXSourcesBuildPhase;
			buildActionMask = 2147483647;
			files = (
				9F0500F9200C464300B54616 /* iCloudDemoTests.m in Sources */,
			);
			runOnlyForDeploymentPostprocessing = 0;
		};
		9F0500FB200C464300B54616 /* Sources */ = {
			isa = PBXSourcesBuildPhase;
			buildActionMask = 2147483647;
			files = (
				9F050104200C464300B54616 /* iCloudDemoUITests.m in Sources */,
			);
			runOnlyForDeploymentPostprocessing = 0;
		};
/* End PBXSourcesBuildPhase section */

/* Begin PBXTargetDependency section */
		9F0500F6200C464300B54616 /* PBXTargetDependency */ = {
			isa = PBXTargetDependency;
			target = 9F0500DB200C464300B54616 /* iCloudDemo */;
			targetProxy = 9F0500F5200C464300B54616 /* PBXContainerItemProxy */;
		};
		9F050101200C464300B54616 /* PBXTargetDependency */ = {
			isa = PBXTargetDependency;
			target = 9F0500DB200C464300B54616 /* iCloudDemo */;
			targetProxy = 9F050100200C464300B54616 /* PBXContainerItemProxy */;
		};
/* End PBXTargetDependency section */

/* Begin PBXVariantGroup section */
		9F0500E5200C464300B54616 /* Main.storyboard */ = {
			isa = PBXVariantGroup;
			children = (
				9F0500E6200C464300B54616 /* Base */,
			);
			name = Main.storyboard;
			sourceTree = "<group>";
		};
		9F0500EA200C464300B54616 /* LaunchScreen.storyboard */ = {
			isa = PBXVariantGroup;
			children = (
				9F0500EB200C464300B54616 /* Base */,
			);
			name = LaunchScreen.storyboard;
			sourceTree = "<group>";
		};
/* End PBXVariantGroup section */

/* Begin XCBuildConfiguration section */
		9F050106200C464300B54616 /* Debug */ = {
			isa = XCBuildConfiguration;
			buildSettings = {
				ALWAYS_SEARCH_USER_PATHS = NO;
				CLANG_ANALYZER_NONNULL = YES;
				CLANG_ANALYZER_NUMBER_OBJECT_CONVERSION = YES_AGGRESSIVE;
				CLANG_CXX_LANGUAGE_STANDARD = "gnu++14";
				CLANG_CXX_LIBRARY = "libc++";
				CLANG_ENABLE_MODULES = YES;
				CLANG_ENABLE_OBJC_ARC = YES;
				CLANG_WARN_BLOCK_CAPTURE_AUTORELEASING = YES;
				CLANG_WARN_BOOL_CONVERSION = YES;
				CLANG_WARN_COMMA = YES;
				CLANG_WARN_CONSTANT_CONVERSION = YES;
				CLANG_WARN_DIRECT_OBJC_ISA_USAGE = YES_ERROR;
				CLANG_WARN_DOCUMENTATION_COMMENTS = YES;
				CLANG_WARN_EMPTY_BODY = YES;
				CLANG_WARN_ENUM_CONVERSION = YES;
				CLANG_WARN_INFINITE_RECURSION = YES;
				CLANG_WARN_INT_CONVERSION = YES;
				CLANG_WARN_NON_LITERAL_NULL_CONVERSION = YES;
				CLANG_WARN_OBJC_LITERAL_CONVERSION = YES;
				CLANG_WARN_OBJC_ROOT_CLASS = YES_ERROR;
				CLANG_WARN_RANGE_LOOP_ANALYSIS = YES;
				CLANG_WARN_STRICT_PROTOTYPES = YES;
				CLANG_WARN_SUSPICIOUS_MOVE = YES;
				CLANG_WARN_UNGUARDED_AVAILABILITY = YES_AGGRESSIVE;
				CLANG_WARN_UNREACHABLE_CODE = YES;
				CLANG_WARN__DUPLICATE_METHOD_MATCH = YES;
				CODE_SIGN_IDENTITY = "iPhone Developer";
				COPY_PHASE_STRIP = NO;
				DEBUG_INFORMATION_FORMAT = dwarf;
				ENABLE_STRICT_OBJC_MSGSEND = YES;
				ENABLE_TESTABILITY = YES;
				GCC_C_LANGUAGE_STANDARD = gnu11;
				GCC_DYNAMIC_NO_PIC = NO;
				GCC_NO_COMMON_BLOCKS = YES;
				GCC_OPTIMIZATION_LEVEL = 0;
				GCC_PREPROCESSOR_DEFINITIONS = (
					"DEBUG=1",
					"$(inherited)",
				);
				GCC_WARN_64_TO_32_BIT_CONVERSION = YES;
				GCC_WARN_ABOUT_RETURN_TYPE = YES_ERROR;
				GCC_WARN_UNDECLARED_SELECTOR = YES;
				GCC_WARN_UNINITIALIZED_AUTOS = YES_AGGRESSIVE;
				GCC_WARN_UNUSED_FUNCTION = YES;
				GCC_WARN_UNUSED_VARIABLE = YES;
				IPHONEOS_DEPLOYMENT_TARGET = 11.2;
				MTL_ENABLE_DEBUG_INFO = YES;
				ONLY_ACTIVE_ARCH = YES;
				SDKROOT = iphoneos;
			};
			name = Debug;
		};
		9F050107200C464300B54616 /* Release */ = {
			isa = XCBuildConfiguration;
			buildSettings = {
				ALWAYS_SEARCH_USER_PATHS = NO;
				CLANG_ANALYZER_NONNULL = YES;
				CLANG_ANALYZER_NUMBER_OBJECT_CONVERSION = YES_AGGRESSIVE;
				CLANG_CXX_LANGUAGE_STANDARD = "gnu++14";
				CLANG_CXX_LIBRARY = "libc++";
				CLANG_ENABLE_MODULES = YES;
				CLANG_ENABLE_OBJC_ARC = YES;
				CLANG_WARN_BLOCK_CAPTURE_AUTORELEASING = YES;
				CLANG_WARN_BOOL_CONVERSION = YES;
				CLANG_WARN_COMMA = YES;
				CLANG_WARN_CONSTANT_CONVERSION = YES;
				CLANG_WARN_DIRECT_OBJC_ISA_USAGE = YES_ERROR;
				CLANG_WARN_DOCUMENTATION_COMMENTS = YES;
				CLANG_WARN_EMPTY_BODY = YES;
				CLANG_WARN_ENUM_CONVERSION = YES;
				CLANG_WARN_INFINITE_RECURSION = YES;
				CLANG_WARN_INT_CONVERSION = YES;
				CLANG_WARN_NON_LITERAL_NULL_CONVERSION = YES;
				CLANG_WARN_OBJC_LITERAL_CONVERSION = YES;
				CLANG_WARN_OBJC_ROOT_CLASS = YES_ERROR;
				CLANG_WARN_RANGE_LOOP_ANALYSIS = YES;
				CLANG_WARN_STRICT_PROTOTYPES = YES;
				CLANG_WARN_SUSPICIOUS_MOVE = YES;
				CLANG_WARN_UNGUARDED_AVAILABILITY = YES_AGGRESSIVE;
				CLANG_WARN_UNREACHABLE_CODE = YES;
				CLANG_WARN__DUPLICATE_METHOD_MATCH = YES;
				CODE_SIGN_IDENTITY = "iPhone Developer";
				COPY_PHASE_STRIP = NO;
				DEBUG_INFORMATION_FORMAT = "dwarf-with-dsym";
				ENABLE_NS_ASSERTIONS = NO;
				ENABLE_STRICT_OBJC_MSGSEND = YES;
				GCC_C_LANGUAGE_STANDARD = gnu11;
				GCC_NO_COMMON_BLOCKS = YES;
				GCC_WARN_64_TO_32_BIT_CONVERSION = YES;
				GCC_WARN_ABOUT_RETURN_TYPE = YES_ERROR;
				GCC_WARN_UNDECLARED_SELECTOR = YES;
				GCC_WARN_UNINITIALIZED_AUTOS = YES_AGGRESSIVE;
				GCC_WARN_UNUSED_FUNCTION = YES;
				GCC_WARN_UNUSED_VARIABLE = YES;
				IPHONEOS_DEPLOYMENT_TARGET = 11.2;
				MTL_ENABLE_DEBUG_INFO = NO;
				SDKROOT = iphoneos;
				VALIDATE_PRODUCT = YES;
			};
			name = Release;
		};
		9F050109200C464300B54616 /* Debug */ = {
			isa = XCBuildConfiguration;
			buildSettings = {
				ASSETCATALOG_COMPILER_APPICON_NAME = AppIcon;
				CODE_SIGN_STYLE = Automatic;
				DEVELOPMENT_TEAM = JDVB837QR7;
				INFOPLIST_FILE = iCloudDemo/Info.plist;
				LD_RUNPATH_SEARCH_PATHS = "$(inherited) @executable_path/Frameworks";
				PRODUCT_BUNDLE_IDENTIFIER = com.zzr.iCloudDemo;
				PRODUCT_NAME = "$(TARGET_NAME)";
				TARGETED_DEVICE_FAMILY = "1,2";
			};
			name = Debug;
		};
		9F05010A200C464300B54616 /* Release */ = {
			isa = XCBuildConfiguration;
			buildSettings = {
				ASSETCATALOG_COMPILER_APPICON_NAME = AppIcon;
				CODE_SIGN_STYLE = Automatic;
				DEVELOPMENT_TEAM = JDVB837QR7;
				INFOPLIST_FILE = iCloudDemo/Info.plist;
				LD_RUNPATH_SEARCH_PATHS = "$(inherited) @executable_path/Frameworks";
				PRODUCT_BUNDLE_IDENTIFIER = com.zzr.iCloudDemo;
				PRODUCT_NAME = "$(TARGET_NAME)";
				TARGETED_DEVICE_FAMILY = "1,2";
			};
			name = Release;
		};
		9F05010C200C464300B54616 /* Debug */ = {
			isa = XCBuildConfiguration;
			buildSettings = {
				BUNDLE_LOADER = "$(TEST_HOST)";
				CODE_SIGN_STYLE = Automatic;
				DEVELOPMENT_TEAM = JDVB837QR7;
				INFOPLIST_FILE = iCloudDemoTests/Info.plist;
				LD_RUNPATH_SEARCH_PATHS = "$(inherited) @executable_path/Frameworks @loader_path/Frameworks";
				PRODUCT_BUNDLE_IDENTIFIER = com.zzr.iCloudDemoTests;
				PRODUCT_NAME = "$(TARGET_NAME)";
				TARGETED_DEVICE_FAMILY = "1,2";
				TEST_HOST = "$(BUILT_PRODUCTS_DIR)/iCloudDemo.app/iCloudDemo";
			};
			name = Debug;
		};
		9F05010D200C464300B54616 /* Release */ = {
			isa = XCBuildConfiguration;
			buildSettings = {
				BUNDLE_LOADER = "$(TEST_HOST)";
				CODE_SIGN_STYLE = Automatic;
				DEVELOPMENT_TEAM = JDVB837QR7;
				INFOPLIST_FILE = iCloudDemoTests/Info.plist;
				LD_RUNPATH_SEARCH_PATHS = "$(inherited) @executable_path/Frameworks @loader_path/Frameworks";
				PRODUCT_BUNDLE_IDENTIFIER = com.zzr.iCloudDemoTests;
				PRODUCT_NAME = "$(TARGET_NAME)";
				TARGETED_DEVICE_FAMILY = "1,2";
				TEST_HOST = "$(BUILT_PRODUCTS_DIR)/iCloudDemo.app/iCloudDemo";
			};
			name = Release;
		};
		9F05010F200C464300B54616 /* Debug */ = {
			isa = XCBuildConfiguration;
			buildSettings = {
				CODE_SIGN_STYLE = Automatic;
				DEVELOPMENT_TEAM = JDVB837QR7;
				INFOPLIST_FILE = iCloudDemoUITests/Info.plist;
				LD_RUNPATH_SEARCH_PATHS = "$(inherited) @executable_path/Frameworks @loader_path/Frameworks";
				PRODUCT_BUNDLE_IDENTIFIER = com.zzr.iCloudDemoUITests;
				PRODUCT_NAME = "$(TARGET_NAME)";
				TARGETED_DEVICE_FAMILY = "1,2";
				TEST_TARGET_NAME = iCloudDemo;
			};
			name = Debug;
		};
		9F050110200C464300B54616 /* Release */ = {
			isa = XCBuildConfiguration;
			buildSettings = {
				CODE_SIGN_STYLE = Automatic;
				DEVELOPMENT_TEAM = JDVB837QR7;
				INFOPLIST_FILE = iCloudDemoUITests/Info.plist;
				LD_RUNPATH_SEARCH_PATHS = "$(inherited) @executable_path/Frameworks @loader_path/Frameworks";
				PRODUCT_BUNDLE_IDENTIFIER = com.zzr.iCloudDemoUITests;
				PRODUCT_NAME = "$(TARGET_NAME)";
				TARGETED_DEVICE_FAMILY = "1,2";
				TEST_TARGET_NAME = iCloudDemo;
			};
			name = Release;
		};
/* End XCBuildConfiguration section */

/* Begin XCConfigurationList section */
		9F0500D7200C464300B54616 /* Build configuration list for PBXProject "iCloudDemo" */ = {
			isa = XCConfigurationList;
			buildConfigurations = (
				9F050106200C464300B54616 /* Debug */,
				9F050107200C464300B54616 /* Release */,
			);
			defaultConfigurationIsVisible = 0;
			defaultConfigurationName = Release;
		};
		9F050108200C464300B54616 /* Build configuration list for PBXNativeTarget "iCloudDemo" */ = {
			isa = XCConfigurationList;
			buildConfigurations = (
				9F050109200C464300B54616 /* Debug */,
				9F05010A200C464300B54616 /* Release */,
			);
			defaultConfigurationIsVisible = 0;
			defaultConfigurationName = Release;
		};
		9F05010B200C464300B54616 /* Build configuration list for PBXNativeTarget "iCloudDemoTests" */ = {
			isa = XCConfigurationList;
			buildConfigurations = (
				9F05010C200C464300B54616 /* Debug */,
				9F05010D200C464300B54616 /* Release */,
			);
			defaultConfigurationIsVisible = 0;
			defaultConfigurationName = Release;
		};
		9F05010E200C464300B54616 /* Build configuration list for PBXNativeTarget "iCloudDemoUITests" */ = {
			isa = XCConfigurationList;
			buildConfigurations = (
				9F05010F200C464300B54616 /* Debug */,
				9F050110200C464300B54616 /* Release */,
			);
			defaultConfigurationIsVisible = 0;
			defaultConfigurationName = Release;
		};
/* End XCConfigurationList section */
	};
	rootObject = 9F0500D4200C464300B54616 /* Project object */;
}
